
Microsoft Visual Studio Solution File, Format Version 12.00
# Visual Studio Version 17
VisualStudioVersion = 17.3.32819.101
MinimumVisualStudioVersion = 10.0.40219.1
Project("{FAE04EC0-301F-11D3-BF4B-00C04F79EFBC}") = "personalWebsite", "personalWebsite.csproj", "{23A6CE9B-0C2A-49A0-8067-9CBC0AEBEABE}"
EndProject
Global
	GlobalSection(SolutionConfigurationPlatforms) = preSolution
		Debug|Any CPU = Debug|Any CPU
		Release|Any CPU = Release|Any CPU
	EndGlobalSection
	GlobalSection(ProjectConfigurationPlatforms) = postSolution
		{23A6CE9B-0C2A-49A0-8067-9CBC0AEBEABE}.Debug|Any CPU.ActiveCfg = Debug|Any CPU
		{23A6CE9B-0C2A-49A0-8067-9CBC0AEBEABE}.Debug|Any CPU.Build.0 = Debug|Any CPU
		{23A6CE9B-0C2A-49A0-8067-9CBC0AEBEABE}.Release|Any CPU.ActiveCfg = Release|Any CPU
		{23A6CE9B-0C2A-49A0-8067-9CBC0AEBEABE}.Release|Any CPU.Build.0 = Release|Any CPU
	EndGlobalSection
	GlobalSection(SolutionProperties) = preSolution
		HideSolutionNode = FALSE
	EndGlobalSection
	GlobalSection(ExtensibilityGlobals) = postSolution
		SolutionGuid = {8D5032BA-0519-4145-92F4-556DFD252BCE}
	EndGlobalSection
EndGlobal
